# This file is automatically @generated by Cargo.
# It is not intended for manual editing.
[[package]]
name = "pcg-mwc"
version = "0.1.0"
dependencies = [
 "rand_core",
]

[[package]]
name = "rand_core"
version = "0.6.2"
source = "registry+https://github.com/rust-lang/crates.io-index"
checksum = "34cf66eb183df1c5876e2dcf6b13d57340741e8dc255b48e40a26de954d06ae7"
